{
    "_readme": [
        "This file locks the dependencies of your project to a known state",
        "Read more about it at https://getcomposer.org/doc/01-basic-usage.md#installing-dependencies",
        "This file is @generated automatically"
    ],
    "content-hash": "67818be35ed0b2040e1b074cfe544dfb",
    "packages": [
        {
            "name": "raoul/php-validator",
            "version": "V1.1.0",
            "source": {
                "type": "git",
                "url": "https://github.com/RaoulvanWijk/Validator.git",
                "reference": "f0fd20d385a81cbdb9097ddfcf815a442c249270"
            },
            "dist": {
                "type": "zip",
                "url": "https://api.github.com/repos/RaoulvanWijk/Validator/zipball/f0fd20d385a81cbdb9097ddfcf815a442c249270",
                "reference": "f0fd20d385a81cbdb9097ddfcf815a442c249270",
                "shasum": ""
            },
            "type": "library",
            "autoload": {
                "psr-4": {
                    "Raoul\\Validator\\": "src/"
                }
            },
            "notification-url": "https://packagist.org/downloads/",
            "license": [
                "MIT"
            ],
            "authors": [
                {
                    "name": "Raoul van Wijk",
                    "email": "raoul.van.wijk05@gmail.com"
                }
            ],
            "description": "A simple validator for PHP",
            "keywords": [
                "validation",
                "validation library",
                "validation library for PHP",
                "validation package",
                "validation package for PHP",
                "validation tool",
                "validation tool for PHP",
                "validator"
            ],
            "support": {
                "issues": "https://github.com/RaoulvanWijk/Validator/issues",
                "source": "https://github.com/RaoulvanWijk/Validator/tree/V1.1.0"
            },
            "time": "2023-03-06T20:00:00+00:00"
        }
    ],
    "packages-dev": [],
    "aliases": [],
    "minimum-stability": "stable",
    "stability-flags": [],
    "prefer-stable": false,
    "prefer-lowest": false,
    "platform": [],
    "platform-dev": [],
    "plugin-api-version": "2.3.0"
}
